lockfileVersion: '9.0'

settings:
  autoInstallPeers: true
  excludeLinksFromLockfile: false

importers:

  .:
    dependencies:
      '@types/figlet':
        specifier: ^1.7.0
        version: 1.7.0
      figlet:
        specifier: ^1.9.4
        version: 1.9.4
      gradient-string:
        specifier: ^3.0.0
        version: 3.0.0
    devDependencies:
      oxlint:
        specifier: ^0.13.0
        version: 0.13.2
      prettier:
        specifier: ^3.4.2
        version: 3.6.2

packages:

  '@oxlint/darwin-arm64@0.13.2':
    resolution: {integrity: sha512-Jbi2UX1xTFTpH/D6n15RzDSG/44oJ0FwrHWl96TsdD3PAOGxmm8LgcrsCU4d22TSN7ShDFB8y34MYplduRzhfA==}
    cpu: [arm64]
    os: [darwin]

  '@oxlint/darwin-x64@0.13.2':
    resolution: {integrity: sha512-ulA2vpNIM14VWJua6BjgX6l8nrjY8Un0uLqBLgELyDHMfpnC0HfrB2mR9PC9tRhb7+BEbgDLWTRs2aTV64eprw==}
    cpu: [x64]
    os: [darwin]

  '@oxlint/linux-arm64-gnu@0.13.2':
    resolution: {integrity: sha512-iwguvPnIx/yIMc2IrwLeRflEFwyn+gcsNR8le5aX5DvQfHiB3/3x5JxOVl7Nd93lLsOg8RyVr2E11CxV10rKWw==}
    cpu: [arm64]
    os: [linux]

  '@oxlint/linux-arm64-musl@0.13.2':
    resolution: {integrity: sha512-YJVvVyuvUobgCmiE47kBwN6dymLcQBG5/NsEaCbVyYw5HQJN7Ywp/x4suaF4c6M9ItPCnLxEZ4Lwu5TkrkU3vQ==}
    cpu: [arm64]
    os: [linux]

  '@oxlint/linux-x64-gnu@0.13.2':
    resolution: {integrity: sha512-w78gjd3ZJ+ahByS5gmN0jxFn/+G3W/oBJbyGFOuteXYcJwLj6JIyS0VhpMKxuAdFNCnsjJeDHSbdWaCV6VkA3A==}
    cpu: [x64]
    os: [linux]

  '@oxlint/linux-x64-musl@0.13.2':
    resolution: {integrity: sha512-yedk6KQT3jtBzpzExo3Ib7NwfuugaaFKvk/EzXEojMQ5aYh6CNhmVmm+adzwBp4YyOeXQZxSPHQ1LcNwDCUJIA==}
    cpu: [x64]
    os: [linux]

  '@oxlint/win32-arm64@0.13.2':
    resolution: {integrity: sha512-KZvJ3uMWSCwkZtvOcO+K4mLmYU/jIcHUb00s8aPasG1taflbjINsq9ZUUj5LNigcDwJRZGUwNcvY5KuQ+E9WtQ==}
    cpu: [arm64]
    os: [win32]

  '@oxlint/win32-x64@0.13.2':
    resolution: {integrity: sha512-G8FM8RTJRMt2dPRJ/TXhqIEu9k00vRAoh3DSV2r3o+jD8FZDBZXOgoDn2D0F9HqgFLEOVTxpfalmWntyk2hmyw==}
    cpu: [x64]
    os: [win32]

  '@types/figlet@1.7.0':
    resolution: {integrity: sha512-KwrT7p/8Eo3Op/HBSIwGXOsTZKYiM9NpWRBJ5sVjWP/SmlS+oxxRvJht/FNAtliJvja44N3ul1yATgohnVBV0Q==}

  '@types/tinycolor2@1.4.6':
    resolution: {integrity: sha512-iEN8J0BoMnsWBqjVbWH/c0G0Hh7O21lpR2/+PrvAVgWdzL7eexIFm4JN/Wn10PTcmNdtS6U67r499mlWMXOxNw==}

  chalk@5.6.2:
    resolution: {integrity: sha512-7NzBL0rN6fMUW+f7A6Io4h40qQlG+xGmtMxfbnH/K7TAtt8JQWVQK+6g0UXKMeVJoyV5EkkNsErQ8pVD3bLHbA==}
    engines: {node: ^12.17.0 || ^14.13 || >=16.0.0}

  commander@14.0.2:
    resolution: {integrity: sha512-TywoWNNRbhoD0BXs1P3ZEScW8W5iKrnbithIl0YH+uCmBd0QpPOA8yc82DS3BIE5Ma6FnBVUsJ7wVUDz4dvOWQ==}
    engines: {node: '>=20'}

  figlet@1.9.4:
    resolution: {integrity: sha512-uN6QE+TrzTAHC1IWTyrc4FfGo2KH/82J8Jl1tyKB7+z5DBit/m3D++Iu5lg91qJMnQQ3vpJrj5gxcK/pk4R9tQ==}
    engines: {node: '>= 17.0.0'}
    hasBin: true

  gradient-string@3.0.0:
    resolution: {integrity: sha512-frdKI4Qi8Ihp4C6wZNB565de/THpIaw3DjP5ku87M+N9rNSGmPTjfkq61SdRXB7eCaL8O1hkKDvf6CDMtOzIAg==}
    engines: {node: '>=14'}

  oxlint@0.13.2:
    resolution: {integrity: sha512-R7wXUspM75TeEXaAFLmuPH0W3h5B5r6BNtOvkcnVddD3BWbBiEOWe9bCqt4+te0l8wQ4a0/XLCGrJroxFFeajg==}
    engines: {node: '>=14.*'}
    hasBin: true

  prettier@3.6.2:
    resolution: {integrity: sha512-I7AIg5boAr5R0FFtJ6rCfD+LFsWHp81dolrFD8S79U9tb8Az2nGrJncnMSnys+bpQJfRUzqs9hnA81OAA3hCuQ==}
    engines: {node: '>=14'}
    hasBin: true

  tinycolor2@1.6.0:
    resolution: {integrity: sha512-XPaBkWQJdsf3pLKJV9p4qN/S+fm2Oj8AIPo1BTUhg5oxkvm9+SVEGFdhyOz7tTdUTfvxMiAs4sp6/eZO2Ew+pw==}

  tinygradient@1.1.5:
    resolution: {integrity: sha512-8nIfc2vgQ4TeLnk2lFj4tRLvvJwEfQuabdsmvDdQPT0xlk9TaNtpGd6nNRxXoK6vQhN6RSzj+Cnp5tTQmpxmbw==}

snapshots:

  '@oxlint/darwin-arm64@0.13.2':
    optional: true

  '@oxlint/darwin-x64@0.13.2':
    optional: true

  '@oxlint/linux-arm64-gnu@0.13.2':
    optional: true

  '@oxlint/linux-arm64-musl@0.13.2':
    optional: true

  '@oxlint/linux-x64-gnu@0.13.2':
    optional: true

  '@oxlint/linux-x64-musl@0.13.2':
    optional: true

  '@oxlint/win32-arm64@0.13.2':
    optional: true

  '@oxlint/win32-x64@0.13.2':
    optional: true

  '@types/figlet@1.7.0': {}

  '@types/tinycolor2@1.4.6': {}

  chalk@5.6.2: {}

  commander@14.0.2: {}

  figlet@1.9.4:
    dependencies:
      commander: 14.0.2

  gradient-string@3.0.0:
    dependencies:
      chalk: 5.6.2
      tinygradient: 1.1.5

  oxlint@0.13.2:
    optionalDependencies:
      '@oxlint/darwin-arm64': 0.13.2
      '@oxlint/darwin-x64': 0.13.2
      '@oxlint/linux-arm64-gnu': 0.13.2
      '@oxlint/linux-arm64-musl': 0.13.2
      '@oxlint/linux-x64-gnu': 0.13.2
      '@oxlint/linux-x64-musl': 0.13.2
      '@oxlint/win32-arm64': 0.13.2
      '@oxlint/win32-x64': 0.13.2

  prettier@3.6.2: {}

  tinycolor2@1.6.0: {}

  tinygradient@1.1.5:
    dependencies:
      '@types/tinycolor2': 1.4.6
      tinycolor2: 1.6.0
